// !$*UTF8*$!
{
	archiveVersion = 1;
	classes = {
	};
	objectVersion = 46;
	objects = {

/* Begin PBXBuildFile section */
		355188DB1867B52100632358 /* Habit.m in Sources */ = {isa = PBXBuildFile; fileRef = 355188DA1867B52100632358 /* Habit.m */; };
		355188E118683E9D00632358 /* left-arrow.png in Resources */ = {isa = PBXBuildFile; fileRef = 355188DF18683E9D00632358 /* left-arrow.png */; };
		355188E218683E9D00632358 /* right-arrow.png in Resources */ = {isa = PBXBuildFile; fileRef = 355188E018683E9D00632358 /* right-arrow.png */; };
		35613DA31864E154008C5A7C /* HistoryViewController.m in Sources */ = {isa = PBXBuildFile; fileRef = 35613DA21864E154008C5A7C /* HistoryViewController.m */; };
		35613DA61864E2AF008C5A7C /* LogCell.m in Sources */ = {isa = PBXBuildFile; fileRef = 35613DA51864E2AF008C5A7C /* LogCell.m */; };
		35613DA818664680008C5A7C /* second@2x.png in Resources */ = {isa = PBXBuildFile; fileRef = 35613DA718664680008C5A7C /* second@2x.png */; };
		35613DAA186646B1008C5A7C /* first@2x.png in Resources */ = {isa = PBXBuildFile; fileRef = 35613DA9186646B1008C5A7C /* first@2x.png */; };
		357168A2188083CA008D7ABD /* HabitCategoryViewController.m in Sources */ = {isa = PBXBuildFile; fileRef = 357168A1188083CA008D7ABD /* HabitCategoryViewController.m */; };
		357168A518808626008D7ABD /* HabitCategoryCell.m in Sources */ = {isa = PBXBuildFile; fileRef = 357168A418808626008D7ABD /* HabitCategoryCell.m */; };
		35A93AB7185FC46600292CF0 /* Database.m in Sources */ = {isa = PBXBuildFile; fileRef = 35A93AB6185FC46600292CF0 /* Database.m */; };
		35A93AC2185FC75000292CF0 /* FMDatabase.m in Sources */ = {isa = PBXBuildFile; fileRef = 35A93AB9185FC75000292CF0 /* FMDatabase.m */; };
		35A93AC3185FC75000292CF0 /* FMDatabaseAdditions.m in Sources */ = {isa = PBXBuildFile; fileRef = 35A93ABB185FC75000292CF0 /* FMDatabaseAdditions.m */; };
		35A93AC4185FC75000292CF0 /* FMDatabasePool.m in Sources */ = {isa = PBXBuildFile; fileRef = 35A93ABD185FC75000292CF0 /* FMDatabasePool.m */; };
		35A93AC5185FC75000292CF0 /* FMDatabaseQueue.m in Sources */ = {isa = PBXBuildFile; fileRef = 35A93ABF185FC75000292CF0 /* FMDatabaseQueue.m */; };
		35A93AC6185FC75000292CF0 /* FMResultSet.m in Sources */ = {isa = PBXBuildFile; fileRef = 35A93AC1185FC75000292CF0 /* FMResultSet.m */; };
		35A93AC9185FC7B000292CF0 /* libsqlite3.dylib in Frameworks */ = {isa = PBXBuildFile; fileRef = 35A93AC8185FC7B000292CF0 /* libsqlite3.dylib */; };
		35A93ACC185FCAB900292CF0 /* LogEntry.m in Sources */ = {isa = PBXBuildFile; fileRef = 35A93ACB185FCAB900292CF0 /* LogEntry.m */; };
		35A93ACF185FCCB700292CF0 /* Json.m in Sources */ = {isa = PBXBuildFile; fileRef = 35A93ACD185FCCB700292CF0 /* Json.m */; };
		35A93AD4185FDBBF00292CF0 /* Application.m in Sources */ = {isa = PBXBuildFile; fileRef = 35A93AD0185FDBBF00292CF0 /* Application.m */; };
		35A93AD5185FDBBF00292CF0 /* Api.m in Sources */ = {isa = PBXBuildFile; fileRef = 35A93AD1185FDBBF00292CF0 /* Api.m */; };
		35A93AD8185FDD4E00292CF0 /* JsonRpcClient.m in Sources */ = {isa = PBXBuildFile; fileRef = 35A93AD7185FDD4E00292CF0 /* JsonRpcClient.m */; };
		35A93ADD18600ECE00292CF0 /* LogButton.m in Sources */ = {isa = PBXBuildFile; fileRef = 35A93ADC18600ECE00292CF0 /* LogButton.m */; };
		35A93BB01860ED3C00292CF0 /* StyleFactory.m in Sources */ = {isa = PBXBuildFile; fileRef = 35A93BAE1860ED3C00292CF0 /* StyleFactory.m */; };
		35C65232185F5D71004A8141 /* Foundation.framework in Frameworks */ = {isa = PBXBuildFile; fileRef = 35C65231185F5D71004A8141 /* Foundation.framework */; };
		35C65234185F5D71004A8141 /* CoreGraphics.framework in Frameworks */ = {isa = PBXBuildFile; fileRef = 35C65233185F5D71004A8141 /* CoreGraphics.framework */; };
		35C65236185F5D71004A8141 /* UIKit.framework in Frameworks */ = {isa = PBXBuildFile; fileRef = 35C65235185F5D71004A8141 /* UIKit.framework */; };
		35C6523C185F5D71004A8141 /* InfoPlist.strings in Resources */ = {isa = PBXBuildFile; fileRef = 35C6523A185F5D71004A8141 /* InfoPlist.strings */; };
		35C6523E185F5D71004A8141 /* main.m in Sources */ = {isa = PBXBuildFile; fileRef = 35C6523D185F5D71004A8141 /* main.m */; };
		35C65242185F5D71004A8141 /* AppDelegate.m in Sources */ = {isa = PBXBuildFile; fileRef = 35C65241185F5D71004A8141 /* AppDelegate.m */; };
		35C65245185F5D71004A8141 /* Main.storyboard in Resources */ = {isa = PBXBuildFile; fileRef = 35C65243185F5D71004A8141 /* Main.storyboard */; };
		35C65248185F5D71004A8141 /* ViewController.m in Sources */ = {isa = PBXBuildFile; fileRef = 35C65247185F5D71004A8141 /* ViewController.m */; };
		35C6524A185F5D71004A8141 /* Images.xcassets in Resources */ = {isa = PBXBuildFile; fileRef = 35C65249185F5D71004A8141 /* Images.xcassets */; };
		35C65251185F5D71004A8141 /* XCTest.framework in Frameworks */ = {isa = PBXBuildFile; fileRef = 35C65250185F5D71004A8141 /* XCTest.framework */; };
		35C65252185F5D71004A8141 /* Foundation.framework in Frameworks */ = {isa = PBXBuildFile; fileRef = 35C65231185F5D71004A8141 /* Foundation.framework */; };
		35C65253185F5D71004A8141 /* UIKit.framework in Frameworks */ = {isa = PBXBuildFile; fileRef = 35C65235185F5D71004A8141 /* UIKit.framework */; };
		35C6525B185F5D71004A8141 /* InfoPlist.strings in Resources */ = {isa = PBXBuildFile; fileRef = 35C65259185F5D71004A8141 /* InfoPlist.strings */; };
		35C6525D185F5D71004A8141 /* LogTests.m in Sources */ = {isa = PBXBuildFile; fileRef = 35C6525C185F5D71004A8141 /* LogTests.m */; };
		35C65268185F5DC0004A8141 /* LogItemsViewController.m in Sources */ = {isa = PBXBuildFile; fileRef = 35C65267185F5DC0004A8141 /* LogItemsViewController.m */; };
/* End PBXBuildFile section */

/* Begin PBXContainerItemProxy section */
		35C65254185F5D71004A8141 /* PBXContainerItemProxy */ = {
			isa = PBXContainerItemProxy;
			containerPortal = 35C65226185F5D71004A8141 /* Project object */;
			proxyType = 1;
			remoteGlobalIDString = 35C6522D185F5D71004A8141;
			remoteInfo = Log;
		};
/* End PBXContainerItemProxy section */

/* Begin PBXFileReference section */
		355188D91867B52100632358 /* Habit.h */ = {isa = PBXFileReference; fileEncoding = 4; lastKnownFileType = sourcecode.c.h; path = Habit.h; sourceTree = "<group>"; };
		355188DA1867B52100632358 /* Habit.m */ = {isa = PBXFileReference; fileEncoding = 4; lastKnownFileType = sourcecode.c.objc; path = Habit.m; sourceTree = "<group>"; };
		355188DF18683E9D00632358 /* left-arrow.png */ = {isa = PBXFileReference; lastKnownFileType = image.png; path = "left-arrow.png"; sourceTree = "<group>"; };
		355188E018683E9D00632358 /* right-arrow.png */ = {isa = PBXFileReference; lastKnownFileType = image.png; path = "right-arrow.png"; sourceTree = "<group>"; };
		35613DA11864E154008C5A7C /* HistoryViewController.h */ = {isa = PBXFileReference; fileEncoding = 4; lastKnownFileType = sourcecode.c.h; path = HistoryViewController.h; sourceTree = "<group>"; };
		35613DA21864E154008C5A7C /* HistoryViewController.m */ = {isa = PBXFileReference; fileEncoding = 4; lastKnownFileType = sourcecode.c.objc; path = HistoryViewController.m; sourceTree = "<group>"; };
		35613DA41864E2AF008C5A7C /* LogCell.h */ = {isa = PBXFileReference; fileEncoding = 4; lastKnownFileType = sourcecode.c.h; path = LogCell.h; sourceTree = "<group>"; };
		35613DA51864E2AF008C5A7C /* LogCell.m */ = {isa = PBXFileReference; fileEncoding = 4; lastKnownFileType = sourcecode.c.objc; path = LogCell.m; sourceTree = "<group>"; };
		35613DA718664680008C5A7C /* second@2x.png */ = {isa = PBXFileReference; lastKnownFileType = image.png; path = "second@2x.png"; sourceTree = "<group>"; };
		35613DA9186646B1008C5A7C /* first@2x.png */ = {isa = PBXFileReference; lastKnownFileType = image.png; path = "first@2x.png"; sourceTree = "<group>"; };
		357168A0188083CA008D7ABD /* HabitCategoryViewController.h */ = {isa = PBXFileReference; fileEncoding = 4; lastKnownFileType = sourcecode.c.h; path = HabitCategoryViewController.h; sourceTree = "<group>"; };
		357168A1188083CA008D7ABD /* HabitCategoryViewController.m */ = {isa = PBXFileReference; fileEncoding = 4; lastKnownFileType = sourcecode.c.objc; path = HabitCategoryViewController.m; sourceTree = "<group>"; };
		357168A318808626008D7ABD /* HabitCategoryCell.h */ = {isa = PBXFileReference; fileEncoding = 4; lastKnownFileType = sourcecode.c.h; path = HabitCategoryCell.h; sourceTree = "<group>"; };
		357168A418808626008D7ABD /* HabitCategoryCell.m */ = {isa = PBXFileReference; fileEncoding = 4; lastKnownFileType = sourcecode.c.objc; path = HabitCategoryCell.m; sourceTree = "<group>"; };
		35A93AB5185FC46600292CF0 /* Database.h */ = {isa = PBXFileReference; fileEncoding = 4; lastKnownFileType = sourcecode.c.h; path = Database.h; sourceTree = "<group>"; };
		35A93AB6185FC46600292CF0 /* Database.m */ = {isa = PBXFileReference; fileEncoding = 4; lastKnownFileType = sourcecode.c.objc; path = Database.m; sourceTree = "<group>"; };
		35A93AB8185FC75000292CF0 /* FMDatabase.h */ = {isa = PBXFileReference; fileEncoding = 4; lastKnownFileType = sourcecode.c.h; path = FMDatabase.h; sourceTree = "<group>"; };
		35A93AB9185FC75000292CF0 /* FMDatabase.m */ = {isa = PBXFileReference; fileEncoding = 4; lastKnownFileType = sourcecode.c.objc; path = FMDatabase.m; sourceTree = "<group>"; };
		35A93ABA185FC75000292CF0 /* FMDatabaseAdditions.h */ = {isa = PBXFileReference; fileEncoding = 4; lastKnownFileType = sourcecode.c.h; path = FMDatabaseAdditions.h; sourceTree = "<group>"; };
		35A93ABB185FC75000292CF0 /* FMDatabaseAdditions.m */ = {isa = PBXFileReference; fileEncoding = 4; lastKnownFileType = sourcecode.c.objc; path = FMDatabaseAdditions.m; sourceTree = "<group>"; };
		35A93ABC185FC75000292CF0 /* FMDatabasePool.h */ = {isa = PBXFileReference; fileEncoding = 4; lastKnownFileType = sourcecode.c.h; path = FMDatabasePool.h; sourceTree = "<group>"; };
		35A93ABD185FC75000292CF0 /* FMDatabasePool.m */ = {isa = PBXFileReference; fileEncoding = 4; lastKnownFileType = sourcecode.c.objc; path = FMDatabasePool.m; sourceTree = "<group>"; };
		35A93ABE185FC75000292CF0 /* FMDatabaseQueue.h */ = {isa = PBXFileReference; fileEncoding = 4; lastKnownFileType = sourcecode.c.h; path = FMDatabaseQueue.h; sourceTree = "<group>"; };
		35A93ABF185FC75000292CF0 /* FMDatabaseQueue.m */ = {isa = PBXFileReference; fileEncoding = 4; lastKnownFileType = sourcecode.c.objc; path = FMDatabaseQueue.m; sourceTree = "<group>"; };
		35A93AC0185FC75000292CF0 /* FMResultSet.h */ = {isa = PBXFileReference; fileEncoding = 4; lastKnownFileType = sourcecode.c.h; path = FMResultSet.h; sourceTree = "<group>"; };
		35A93AC1185FC75000292CF0 /* FMResultSet.m */ = {isa = PBXFileReference; fileEncoding = 4; lastKnownFileType = sourcecode.c.objc; path = FMResultSet.m; sourceTree = "<group>"; };
		35A93AC8185FC7B000292CF0 /* libsqlite3.dylib */ = {isa = PBXFileReference; lastKnownFileType = "compiled.mach-o.dylib"; name = libsqlite3.dylib; path = usr/lib/libsqlite3.dylib; sourceTree = SDKROOT; };
		35A93ACA185FCAB900292CF0 /* LogEntry.h */ = {isa = PBXFileReference; fileEncoding = 4; lastKnownFileType = sourcecode.c.h; path = LogEntry.h; sourceTree = "<group>"; };
		35A93ACB185FCAB900292CF0 /* LogEntry.m */ = {isa = PBXFileReference; fileEncoding = 4; lastKnownFileType = sourcecode.c.objc; path = LogEntry.m; sourceTree = "<group>"; };
		35A93ACD185FCCB700292CF0 /* Json.m */ = {isa = PBXFileReference; fileEncoding = 4; lastKnownFileType = sourcecode.c.objc; path = Json.m; sourceTree = "<group>"; };
		35A93ACE185FCCB700292CF0 /* Json.h */ = {isa = PBXFileReference; fileEncoding = 4; lastKnownFileType = sourcecode.c.h; path = Json.h; sourceTree = "<group>"; };
		35A93AD0185FDBBF00292CF0 /* Application.m */ = {isa = PBXFileReference; fileEncoding = 4; lastKnownFileType = sourcecode.c.objc; path = Application.m; sourceTree = "<group>"; };
		35A93AD1185FDBBF00292CF0 /* Api.m */ = {isa = PBXFileReference; fileEncoding = 4; lastKnownFileType = sourcecode.c.objc; path = Api.m; sourceTree = "<group>"; };
		35A93AD2185FDBBF00292CF0 /* Api.h */ = {isa = PBXFileReference; fileEncoding = 4; lastKnownFileType = sourcecode.c.h; path = Api.h; sourceTree = "<group>"; };
		35A93AD3185FDBBF00292CF0 /* Application.h */ = {isa = PBXFileReference; fileEncoding = 4; lastKnownFileType = sourcecode.c.h; path = Application.h; sourceTree = "<group>"; };
		35A93AD6185FDD4E00292CF0 /* JsonRpcClient.h */ = {isa = PBXFileReference; fileEncoding = 4; lastKnownFileType = sourcecode.c.h; path = JsonRpcClient.h; sourceTree = "<group>"; };
		35A93AD7185FDD4E00292CF0 /* JsonRpcClient.m */ = {isa = PBXFileReference; fileEncoding = 4; lastKnownFileType = sourcecode.c.objc; path = JsonRpcClient.m; sourceTree = "<group>"; };
		35A93ADB18600ECE00292CF0 /* LogButton.h */ = {isa = PBXFileReference; fileEncoding = 4; lastKnownFileType = sourcecode.c.h; path = LogButton.h; sourceTree = "<group>"; };
		35A93ADC18600ECE00292CF0 /* LogButton.m */ = {isa = PBXFileReference; fileEncoding = 4; lastKnownFileType = sourcecode.c.objc; path = LogButton.m; sourceTree = "<group>"; };
		35A93BAE1860ED3C00292CF0 /* StyleFactory.m */ = {isa = PBXFileReference; fileEncoding = 4; lastKnownFileType = sourcecode.c.objc; path = StyleFactory.m; sourceTree = "<group>"; };
		35A93BAF1860ED3C00292CF0 /* StyleFactory.h */ = {isa = PBXFileReference; fileEncoding = 4; lastKnownFileType = sourcecode.c.h; path = StyleFactory.h; sourceTree = "<group>"; };
		35C6522E185F5D71004A8141 /* Log.app */ = {isa = PBXFileReference; explicitFileType = wrapper.application; includeInIndex = 0; path = Log.app; sourceTree = BUILT_PRODUCTS_DIR; };
		35C65231185F5D71004A8141 /* Foundation.framework */ = {isa = PBXFileReference; lastKnownFileType = wrapper.framework; name = Foundation.framework; path = System/Library/Frameworks/Foundation.framework; sourceTree = SDKROOT; };
		35C65233185F5D71004A8141 /* CoreGraphics.framework */ = {isa = PBXFileReference; lastKnownFileType = wrapper.framework; name = CoreGraphics.framework; path = System/Library/Frameworks/CoreGraphics.framework; sourceTree = SDKROOT; };
		35C65235185F5D71004A8141 /* UIKit.framework */ = {isa = PBXFileReference; lastKnownFileType = wrapper.framework; name = UIKit.framework; path = System/Library/Frameworks/UIKit.framework; sourceTree = SDKROOT; };
		35C65239185F5D71004A8141 /* Log-Info.plist */ = {isa = PBXFileReference; lastKnownFileType = text.plist.xml; path = "Log-Info.plist"; sourceTree = "<group>"; };
		35C6523B185F5D71004A8141 /* en */ = {isa = PBXFileReference; lastKnownFileType = text.plist.strings; name = en; path = en.lproj/InfoPlist.strings; sourceTree = "<group>"; };
		35C6523D185F5D71004A8141 /* main.m */ = {isa = PBXFileReference; lastKnownFileType = sourcecode.c.objc; path = main.m; sourceTree = "<group>"; };
		35C6523F185F5D71004A8141 /* Log-Prefix.pch */ = {isa = PBXFileReference; lastKnownFileType = sourcecode.c.h; path = "Log-Prefix.pch"; sourceTree = "<group>"; };
		35C65240185F5D71004A8141 /* AppDelegate.h */ = {isa = PBXFileReference; lastKnownFileType = sourcecode.c.h; path = AppDelegate.h; sourceTree = "<group>"; };
		35C65241185F5D71004A8141 /* AppDelegate.m */ = {isa = PBXFileReference; lastKnownFileType = sourcecode.c.objc; path = AppDelegate.m; sourceTree = "<group>"; };
		35C65244185F5D71004A8141 /* Base */ = {isa = PBXFileReference; lastKnownFileType = file.storyboard; name = Base; path = Base.lproj/Main.storyboard; sourceTree = "<group>"; };
		35C65246185F5D71004A8141 /* ViewController.h */ = {isa = PBXFileReference; lastKnownFileType = sourcecode.c.h; path = ViewController.h; sourceTree = "<group>"; };
		35C65247185F5D71004A8141 /* ViewController.m */ = {isa = PBXFileReference; lastKnownFileType = sourcecode.c.objc; path = ViewController.m; sourceTree = "<group>"; };
		35C65249185F5D71004A8141 /* Images.xcassets */ = {isa = PBXFileReference; lastKnownFileType = folder.assetcatalog; path = Images.xcassets; sourceTree = "<group>"; };
		35C6524F185F5D71004A8141 /* LogTests.xctest */ = {isa = PBXFileReference; explicitFileType = wrapper.cfbundle; includeInIndex = 0; path = LogTests.xctest; sourceTree = BUILT_PRODUCTS_DIR; };
		35C65250185F5D71004A8141 /* XCTest.framework */ = {isa = PBXFileReference; lastKnownFileType = wrapper.framework; name = XCTest.framework; path = Library/Frameworks/XCTest.framework; sourceTree = DEVELOPER_DIR; };
		35C65258185F5D71004A8141 /* LogTests-Info.plist */ = {isa = PBXFileReference; lastKnownFileType = text.plist.xml; path = "LogTests-Info.plist"; sourceTree = "<group>"; };
		35C6525A185F5D71004A8141 /* en */ = {isa = PBXFileReference; lastKnownFileType = text.plist.strings; name = en; path = en.lproj/InfoPlist.strings; sourceTree = "<group>"; };
		35C6525C185F5D71004A8141 /* LogTests.m */ = {isa = PBXFileReference; lastKnownFileType = sourcecode.c.objc; path = LogTests.m; sourceTree = "<group>"; };
		35C65266185F5DC0004A8141 /* LogItemsViewController.h */ = {isa = PBXFileReference; fileEncoding = 4; lastKnownFileType = sourcecode.c.h; path = LogItemsViewController.h; sourceTree = "<group>"; };
		35C65267185F5DC0004A8141 /* LogItemsViewController.m */ = {isa = PBXFileReference; fileEncoding = 4; lastKnownFileType = sourcecode.c.objc; path = LogItemsViewController.m; sourceTree = "<group>"; };
/* End PBXFileReference section */

/* Begin PBXFrameworksBuildPhase section */
		35C6522B185F5D71004A8141 /* Frameworks */ = {
			isa = PBXFrameworksBuildPhase;
			buildActionMask = 2147483647;
			files = (
				35A93AC9185FC7B000292CF0 /* libsqlite3.dylib in Frameworks */,
				35C65234185F5D71004A8141 /* CoreGraphics.framework in Frameworks */,
				35C65236185F5D71004A8141 /* UIKit.framework in Frameworks */,
				35C65232185F5D71004A8141 /* Foundation.framework in Frameworks */,
			);
			runOnlyForDeploymentPostprocessing = 0;
		};
		35C6524C185F5D71004A8141 /* Frameworks */ = {
			isa = PBXFrameworksBuildPhase;
			buildActionMask = 2147483647;
			files = (
				35C65251185F5D71004A8141 /* XCTest.framework in Frameworks */,
				35C65253185F5D71004A8141 /* UIKit.framework in Frameworks */,
				35C65252185F5D71004A8141 /* Foundation.framework in Frameworks */,
			);
			runOnlyForDeploymentPostprocessing = 0;
		};
/* End PBXFrameworksBuildPhase section */

/* Begin PBXGroup section */
		355188DC1868045000632358 /* ViewControllers */ = {
			isa = PBXGroup;
			children = (
				35C65246185F5D71004A8141 /* ViewController.h */,
				35C65247185F5D71004A8141 /* ViewController.m */,
				35613DA11864E154008C5A7C /* HistoryViewController.h */,
				35613DA21864E154008C5A7C /* HistoryViewController.m */,
				35C65266185F5DC0004A8141 /* LogItemsViewController.h */,
				35C65267185F5DC0004A8141 /* LogItemsViewController.m */,
				357168A0188083CA008D7ABD /* HabitCategoryViewController.h */,
				357168A1188083CA008D7ABD /* HabitCategoryViewController.m */,
			);
			name = ViewControllers;
			sourceTree = "<group>";
		};
		355188DD1868047500632358 /* Objects */ = {
			isa = PBXGroup;
			children = (
				355188D91867B52100632358 /* Habit.h */,
				355188DA1867B52100632358 /* Habit.m */,
				35A93ACA185FCAB900292CF0 /* LogEntry.h */,
				35A93ACB185FCAB900292CF0 /* LogEntry.m */,
			);
			name = Objects;
			sourceTree = "<group>";
		};
		355188DE1868048900632358 /* Views */ = {
			isa = PBXGroup;
			children = (
				35A93ADB18600ECE00292CF0 /* LogButton.h */,
				35A93ADC18600ECE00292CF0 /* LogButton.m */,
				35613DA41864E2AF008C5A7C /* LogCell.h */,
				35613DA51864E2AF008C5A7C /* LogCell.m */,
				357168A318808626008D7ABD /* HabitCategoryCell.h */,
				357168A418808626008D7ABD /* HabitCategoryCell.m */,
			);
			name = Views;
			sourceTree = "<group>";
		};
		35A93AC7185FC75900292CF0 /* FMDB */ = {
			isa = PBXGroup;
			children = (
				35A93AB8185FC75000292CF0 /* FMDatabase.h */,
				35A93AB9185FC75000292CF0 /* FMDatabase.m */,
				35A93ABA185FC75000292CF0 /* FMDatabaseAdditions.h */,
				35A93ABB185FC75000292CF0 /* FMDatabaseAdditions.m */,
				35A93ABC185FC75000292CF0 /* FMDatabasePool.h */,
				35A93ABD185FC75000292CF0 /* FMDatabasePool.m */,
				35A93ABE185FC75000292CF0 /* FMDatabaseQueue.h */,
				35A93ABF185FC75000292CF0 /* FMDatabaseQueue.m */,
				35A93AC0185FC75000292CF0 /* FMResultSet.h */,
				35A93AC1185FC75000292CF0 /* FMResultSet.m */,
			);
			name = FMDB;
			sourceTree = "<group>";
		};
		35C65225185F5D71004A8141 = {
			isa = PBXGroup;
			children = (
				35A93BAF1860ED3C00292CF0 /* StyleFactory.h */,
				35A93BAE1860ED3C00292CF0 /* StyleFactory.m */,
				35C65237185F5D71004A8141 /* Log */,
				35C65256185F5D71004A8141 /* LogTests */,
				35C65230185F5D71004A8141 /* Frameworks */,
				35C6522F185F5D71004A8141 /* Products */,
			);
			sourceTree = "<group>";
		};
		35C6522F185F5D71004A8141 /* Products */ = {
			isa = PBXGroup;
			children = (
				35C6522E185F5D71004A8141 /* Log.app */,
				35C6524F185F5D71004A8141 /* LogTests.xctest */,
			);
			name = Products;
			sourceTree = "<group>";
		};
		35C65230185F5D71004A8141 /* Frameworks */ = {
			isa = PBXGroup;
			children = (
				35A93AC8185FC7B000292CF0 /* libsqlite3.dylib */,
				35C65231185F5D71004A8141 /* Foundation.framework */,
				35C65233185F5D71004A8141 /* CoreGraphics.framework */,
				35C65235185F5D71004A8141 /* UIKit.framework */,
				35C65250185F5D71004A8141 /* XCTest.framework */,
			);
			name = Frameworks;
			sourceTree = "<group>";
		};
		35C65237185F5D71004A8141 /* Log */ = {
			isa = PBXGroup;
			children = (
				35C65240185F5D71004A8141 /* AppDelegate.h */,
				35C65241185F5D71004A8141 /* AppDelegate.m */,
				35A93AB5185FC46600292CF0 /* Database.h */,
				35A93AB6185FC46600292CF0 /* Database.m */,
				355188DD1868047500632358 /* Objects */,
				35C65243185F5D71004A8141 /* Main.storyboard */,
				355188DC1868045000632358 /* ViewControllers */,
				355188DE1868048900632358 /* Views */,
				35A93ACD185FCCB700292CF0 /* Json.m */,
				35A93ACE185FCCB700292CF0 /* Json.h */,
				35A93AD3185FDBBF00292CF0 /* Application.h */,
				35A93AD0185FDBBF00292CF0 /* Application.m */,
				35A93AD2185FDBBF00292CF0 /* Api.h */,
				35A93AD1185FDBBF00292CF0 /* Api.m */,
				35A93AD6185FDD4E00292CF0 /* JsonRpcClient.h */,
				35A93AD7185FDD4E00292CF0 /* JsonRpcClient.m */,
				35A93AC7185FC75900292CF0 /* FMDB */,
				35C65249185F5D71004A8141 /* Images.xcassets */,
				35C65238185F5D71004A8141 /* Supporting Files */,
			);
			path = Log;
			sourceTree = "<group>";
		};
		35C65238185F5D71004A8141 /* Supporting Files */ = {
			isa = PBXGroup;
			children = (
				355188DF18683E9D00632358 /* left-arrow.png */,
				355188E018683E9D00632358 /* right-arrow.png */,
				35613DA9186646B1008C5A7C /* first@2x.png */,
				35613DA718664680008C5A7C /* second@2x.png */,
				35C65239185F5D71004A8141 /* Log-Info.plist */,
				35C6523A185F5D71004A8141 /* InfoPlist.strings */,
				35C6523D185F5D71004A8141 /* main.m */,
				35C6523F185F5D71004A8141 /* Log-Prefix.pch */,
			);
			name = "Supporting Files";
			sourceTree = "<group>";
		};
		35C65256185F5D71004A8141 /* LogTests */ = {
			isa = PBXGroup;
			children = (
				35C6525C185F5D71004A8141 /* LogTests.m */,
				35C65257185F5D71004A8141 /* Supporting Files */,
			);
			path = LogTests;
			sourceTree = "<group>";
		};
		35C65257185F5D71004A8141 /* Supporting Files */ = {
			isa = PBXGroup;
			children = (
				35C65258185F5D71004A8141 /* LogTests-Info.plist */,
				35C65259185F5D71004A8141 /* InfoPlist.strings */,
			);
			name = "Supporting Files";
			sourceTree = "<group>";
		};
/* End PBXGroup section */

/* Begin PBXNativeTarget section */
		35C6522D185F5D71004A8141 /* Log */ = {
			isa = PBXNativeTarget;
			buildConfigurationList = 35C65260185F5D71004A8141 /* Build configuration list for PBXNativeTarget "Log" */;
			buildPhases = (
				35C6522A185F5D71004A8141 /* Sources */,
				35C6522B185F5D71004A8141 /* Frameworks */,
				35C6522C185F5D71004A8141 /* Resources */,
			);
			buildRules = (
			);
			dependencies = (
			);
			name = Log;
			productName = Log;
			productReference = 35C6522E185F5D71004A8141 /* Log.app */;
			productType = "com.apple.product-type.application";
		};
		35C6524E185F5D71004A8141 /* LogTests */ = {
			isa = PBXNativeTarget;
			buildConfigurationList = 35C65263185F5D71004A8141 /* Build configuration list for PBXNativeTarget "LogTests" */;
			buildPhases = (
				35C6524B185F5D71004A8141 /* Sources */,
				35C6524C185F5D71004A8141 /* Frameworks */,
				35C6524D185F5D71004A8141 /* Resources */,
			);
			buildRules = (
			);
			dependencies = (
				35C65255185F5D71004A8141 /* PBXTargetDependency */,
			);
			name = LogTests;
			productName = LogTests;
			productReference = 35C6524F185F5D71004A8141 /* LogTests.xctest */;
			productType = "com.apple.product-type.bundle.unit-test";
		};
/* End PBXNativeTarget section */

/* Begin PBXProject section */
		35C65226185F5D71004A8141 /* Project object */ = {
			isa = PBXProject;
			attributes = {
				LastUpgradeCheck = 0500;
				ORGANIZATIONNAME = Raj;
				TargetAttributes = {
					35C6524E185F5D71004A8141 = {
						TestTargetID = 35C6522D185F5D71004A8141;
					};
				};
			};
			buildConfigurationList = 35C65229185F5D71004A8141 /* Build configuration list for PBXProject "Log" */;
			compatibilityVersion = "Xcode 3.2";
			developmentRegion = English;
			hasScannedForEncodings = 0;
			knownRegions = (
				en,
				Base,
				de,
				es,
				fr,
				id,
				it,
				ja,
				ko,
				ms,
				nl,
				pt,
				pt_PT,
				ru,
				sv,
				zh_Hans,
				zh_Hant,
			);
			mainGroup = 35C65225185F5D71004A8141;
			productRefGroup = 35C6522F185F5D71004A8141 /* Products */;
			projectDirPath = "";
			projectRoot = "";
			targets = (
				35C6522D185F5D71004A8141 /* Log */,
				35C6524E185F5D71004A8141 /* LogTests */,
			);
		};
/* End PBXProject section */

/* Begin PBXResourcesBuildPhase section */
		35C6522C185F5D71004A8141 /* Resources */ = {
			isa = PBXResourcesBuildPhase;
			buildActionMask = 2147483647;
			files = (
				355188E218683E9D00632358 /* right-arrow.png in Resources */,
				35C6524A185F5D71004A8141 /* Images.xcassets in Resources */,
				35C6523C185F5D71004A8141 /* InfoPlist.strings in Resources */,
				355188E118683E9D00632358 /* left-arrow.png in Resources */,
				35613DA818664680008C5A7C /* second@2x.png in Resources */,
				35613DAA186646B1008C5A7C /* first@2x.png in Resources */,
				35C65245185F5D71004A8141 /* Main.storyboard in Resources */,
			);
			runOnlyForDeploymentPostprocessing = 0;
		};
		35C6524D185F5D71004A8141 /* Resources */ = {
			isa = PBXResourcesBuildPhase;
			buildActionMask = 2147483647;
			files = (
				35C6525B185F5D71004A8141 /* InfoPlist.strings in Resources */,
			);
			runOnlyForDeploymentPostprocessing = 0;
		};
/* End PBXResourcesBuildPhase section */

/* Begin PBXSourcesBuildPhase section */
		35C6522A185F5D71004A8141 /* Sources */ = {
			isa = PBXSourcesBuildPhase;
			buildActionMask = 2147483647;
			files = (
				35C65248185F5D71004A8141 /* ViewController.m in Sources */,
				35A93AD4185FDBBF00292CF0 /* Application.m in Sources */,
				357168A2188083CA008D7ABD /* HabitCategoryViewController.m in Sources */,
				35A93AD5185FDBBF00292CF0 /* Api.m in Sources */,
				35A93ACC185FCAB900292CF0 /* LogEntry.m in Sources */,
				35A93ADD18600ECE00292CF0 /* LogButton.m in Sources */,
				35A93AB7185FC46600292CF0 /* Database.m in Sources */,
				35613DA61864E2AF008C5A7C /* LogCell.m in Sources */,
				355188DB1867B52100632358 /* Habit.m in Sources */,
				35C65242185F5D71004A8141 /* AppDelegate.m in Sources */,
				35A93AC2185FC75000292CF0 /* FMDatabase.m in Sources */,
				357168A518808626008D7ABD /* HabitCategoryCell.m in Sources */,
				35A93AD8185FDD4E00292CF0 /* JsonRpcClient.m in Sources */,
				35A93BB01860ED3C00292CF0 /* StyleFactory.m in Sources */,
				35A93AC6185FC75000292CF0 /* FMResultSet.m in Sources */,
				35613DA31864E154008C5A7C /* HistoryViewController.m in Sources */,
				35C65268185F5DC0004A8141 /* LogItemsViewController.m in Sources */,
				35A93AC4185FC75000292CF0 /* FMDatabasePool.m in Sources */,
				35A93AC3185FC75000292CF0 /* FMDatabaseAdditions.m in Sources */,
				35C6523E185F5D71004A8141 /* main.m in Sources */,
				35A93AC5185FC75000292CF0 /* FMDatabaseQueue.m in Sources */,
				35A93ACF185FCCB700292CF0 /* Json.m in Sources */,
			);
			runOnlyForDeploymentPostprocessing = 0;
		};
		35C6524B185F5D71004A8141 /* Sources */ = {
			isa = PBXSourcesBuildPhase;
			buildActionMask = 2147483647;
			files = (
				35C6525D185F5D71004A8141 /* LogTests.m in Sources */,
			);
			runOnlyForDeploymentPostprocessing = 0;
		};
/* End PBXSourcesBuildPhase section */

/* Begin PBXTargetDependency section */
		35C65255185F5D71004A8141 /* PBXTargetDependency */ = {
			isa = PBXTargetDependency;
			target = 35C6522D185F5D71004A8141 /* Log */;
			targetProxy = 35C65254185F5D71004A8141 /* PBXContainerItemProxy */;
		};
/* End PBXTargetDependency section */

/* Begin PBXVariantGroup section */
		35C6523A185F5D71004A8141 /* InfoPlist.strings */ = {
			isa = PBXVariantGroup;
			children = (
				35C6523B185F5D71004A8141 /* en */,
			);
			name = InfoPlist.strings;
			sourceTree = "<group>";
		};
		35C65243185F5D71004A8141 /* Main.storyboard */ = {
			isa = PBXVariantGroup;
			children = (
				35C65244185F5D71004A8141 /* Base */,
			);
			name = Main.storyboard;
			sourceTree = "<group>";
		};
		35C65259185F5D71004A8141 /* InfoPlist.strings */ = {
			isa = PBXVariantGroup;
			children = (
				35C6525A185F5D71004A8141 /* en */,
			);
			name = InfoPlist.strings;
			sourceTree = "<group>";
		};
/* End PBXVariantGroup section */

/* Begin XCBuildConfiguration section */
		35C6525E185F5D71004A8141 /* Debug */ = {
			isa = XCBuildConfiguration;
			buildSettings = {
				ALWAYS_SEARCH_USER_PATHS = NO;
				ARCHS = "$(ARCHS_STANDARD_INCLUDING_64_BIT)";
				CLANG_CXX_LANGUAGE_STANDARD = "gnu++0x";
				CLANG_CXX_LIBRARY = "libc++";
				CLANG_ENABLE_MODULES = YES;
				CLANG_ENABLE_OBJC_ARC = YES;
				CLANG_WARN_BOOL_CONVERSION = YES;
				CLANG_WARN_CONSTANT_CONVERSION = YES;
				CLANG_WARN_DIRECT_OBJC_ISA_USAGE = YES_ERROR;
				CLANG_WARN_EMPTY_BODY = YES;
				CLANG_WARN_ENUM_CONVERSION = YES;
				CLANG_WARN_INT_CONVERSION = YES;
				CLANG_WARN_OBJC_ROOT_CLASS = YES_ERROR;
				CLANG_WARN__DUPLICATE_METHOD_MATCH = YES;
				"CODE_SIGN_IDENTITY[sdk=iphoneos*]" = "iPhone Developer";
				COPY_PHASE_STRIP = NO;
				GCC_C_LANGUAGE_STANDARD = gnu99;
				GCC_DYNAMIC_NO_PIC = NO;
				GCC_OPTIMIZATION_LEVEL = 0;
				GCC_PREPROCESSOR_DEFINITIONS = (
					"DEBUG=1",
					"$(inherited)",
				);
				GCC_SYMBOLS_PRIVATE_EXTERN = NO;
				GCC_WARN_64_TO_32_BIT_CONVERSION = YES;
				GCC_WARN_ABOUT_RETURN_TYPE = YES_ERROR;
				GCC_WARN_UNDECLARED_SELECTOR = YES;
				GCC_WARN_UNINITIALIZED_AUTOS = YES;
				GCC_WARN_UNUSED_FUNCTION = YES;
				GCC_WARN_UNUSED_VARIABLE = YES;
				IPHONEOS_DEPLOYMENT_TARGET = 7.0;
				ONLY_ACTIVE_ARCH = YES;
				SDKROOT = iphoneos;
			};
			name = Debug;
		};
		35C6525F185F5D71004A8141 /* Release */ = {
			isa = XCBuildConfiguration;
			buildSettings = {
				ALWAYS_SEARCH_USER_PATHS = NO;
				ARCHS = "$(ARCHS_STANDARD_INCLUDING_64_BIT)";
				CLANG_CXX_LANGUAGE_STANDARD = "gnu++0x";
				CLANG_CXX_LIBRARY = "libc++";
				CLANG_ENABLE_MODULES = YES;
				CLANG_ENABLE_OBJC_ARC = YES;
				CLANG_WARN_BOOL_CONVERSION = YES;
				CLANG_WARN_CONSTANT_CONVERSION = YES;
				CLANG_WARN_DIRECT_OBJC_ISA_USAGE = YES_ERROR;
				CLANG_WARN_EMPTY_BODY = YES;
				CLANG_WARN_ENUM_CONVERSION = YES;
				CLANG_WARN_INT_CONVERSION = YES;
				CLANG_WARN_OBJC_ROOT_CLASS = YES_ERROR;
				CLANG_WARN__DUPLICATE_METHOD_MATCH = YES;
				"CODE_SIGN_IDENTITY[sdk=iphoneos*]" = "iPhone Developer";
				COPY_PHASE_STRIP = YES;
				ENABLE_NS_ASSERTIONS = NO;
				GCC_C_LANGUAGE_STANDARD = gnu99;
				GCC_WARN_64_TO_32_BIT_CONVERSION = YES;
				GCC_WARN_ABOUT_RETURN_TYPE = YES_ERROR;
				GCC_WARN_UNDECLARED_SELECTOR = YES;
				GCC_WARN_UNINITIALIZED_AUTOS = YES;
				GCC_WARN_UNUSED_FUNCTION = YES;
				GCC_WARN_UNUSED_VARIABLE = YES;
				IPHONEOS_DEPLOYMENT_TARGET = 7.0;
				SDKROOT = iphoneos;
				VALIDATE_PRODUCT = YES;
			};
			name = Release;
		};
		35C65261185F5D71004A8141 /* Debug */ = {
			isa = XCBuildConfiguration;
			buildSettings = {
				ASSETCATALOG_COMPILER_APPICON_NAME = AppIcon;
				ASSETCATALOG_COMPILER_LAUNCHIMAGE_NAME = LaunchImage;
				GCC_PRECOMPILE_PREFIX_HEADER = YES;
				GCC_PREFIX_HEADER = "Log/Log-Prefix.pch";
				INFOPLIST_FILE = "Log/Log-Info.plist";
				PRODUCT_NAME = "$(TARGET_NAME)";
				WRAPPER_EXTENSION = app;
			};
			name = Debug;
		};
		35C65262185F5D71004A8141 /* Release */ = {
			isa = XCBuildConfiguration;
			buildSettings = {
				ASSETCATALOG_COMPILER_APPICON_NAME = AppIcon;
				ASSETCATALOG_COMPILER_LAUNCHIMAGE_NAME = LaunchImage;
				GCC_PRECOMPILE_PREFIX_HEADER = YES;
				GCC_PREFIX_HEADER = "Log/Log-Prefix.pch";
				INFOPLIST_FILE = "Log/Log-Info.plist";
				PRODUCT_NAME = "$(TARGET_NAME)";
				WRAPPER_EXTENSION = app;
			};
			name = Release;
		};
		35C65264185F5D71004A8141 /* Debug */ = {
			isa = XCBuildConfiguration;
			buildSettings = {
				ARCHS = "$(ARCHS_STANDARD_INCLUDING_64_BIT)";
				BUNDLE_LOADER = "$(BUILT_PRODUCTS_DIR)/Log.app/Log";
				FRAMEWORK_SEARCH_PATHS = (
					"$(SDKROOT)/Developer/Library/Frameworks",
					"$(inherited)",
					"$(DEVELOPER_FRAMEWORKS_DIR)",
				);
				GCC_PRECOMPILE_PREFIX_HEADER = YES;
				GCC_PREFIX_HEADER = "Log/Log-Prefix.pch";
				GCC_PREPROCESSOR_DEFINITIONS = (
					"DEBUG=1",
					"$(inherited)",
				);
				INFOPLIST_FILE = "LogTests/LogTests-Info.plist";
				PRODUCT_NAME = "$(TARGET_NAME)";
				TEST_HOST = "$(BUNDLE_LOADER)";
				WRAPPER_EXTENSION = xctest;
			};
			name = Debug;
		};
		35C65265185F5D71004A8141 /* Release */ = {
			isa = XCBuildConfiguration;
			buildSettings = {
				ARCHS = "$(ARCHS_STANDARD_INCLUDING_64_BIT)";
				BUNDLE_LOADER = "$(BUILT_PRODUCTS_DIR)/Log.app/Log";
				FRAMEWORK_SEARCH_PATHS = (
					"$(SDKROOT)/Developer/Library/Frameworks",
					"$(inherited)",
					"$(DEVELOPER_FRAMEWORKS_DIR)",
				);
				GCC_PRECOMPILE_PREFIX_HEADER = YES;
				GCC_PREFIX_HEADER = "Log/Log-Prefix.pch";
				INFOPLIST_FILE = "LogTests/LogTests-Info.plist";
				PRODUCT_NAME = "$(TARGET_NAME)";
				TEST_HOST = "$(BUNDLE_LOADER)";
				WRAPPER_EXTENSION = xctest;
			};
			name = Release;
		};
/* End XCBuildConfiguration section */

/* Begin XCConfigurationList section */
		35C65229185F5D71004A8141 /* Build configuration list for PBXProject "Log" */ = {
			isa = XCConfigurationList;
			buildConfigurations = (
				35C6525E185F5D71004A8141 /* Debug */,
				35C6525F185F5D71004A8141 /* Release */,
			);
			defaultConfigurationIsVisible = 0;
			defaultConfigurationName = Release;
		};
		35C65260185F5D71004A8141 /* Build configuration list for PBXNativeTarget "Log" */ = {
			isa = XCConfigurationList;
			buildConfigurations = (
				35C65261185F5D71004A8141 /* Debug */,
				35C65262185F5D71004A8141 /* Release */,
			);
			defaultConfigurationIsVisible = 0;
			defaultConfigurationName = Release;
		};
		35C65263185F5D71004A8141 /* Build configuration list for PBXNativeTarget "LogTests" */ = {
			isa = XCConfigurationList;
			buildConfigurations = (
				35C65264185F5D71004A8141 /* Debug */,
				35C65265185F5D71004A8141 /* Release */,
			);
			defaultConfigurationIsVisible = 0;
			defaultConfigurationName = Release;
		};
/* End XCConfigurationList section */
	};
	rootObject = 35C65226185F5D71004A8141 /* Project object */;
}
